{
  "name": "nudelx-material-theme",
  "version": "1.0.0",
  "lockfileVersion": 3,
  "requires": true,
  "packages": {
    "": {
      "name": "nudelx-material-theme",
      "version": "1.0.0",
      "license": "MIT",
      "devDependencies": {
        "@types/vscode": "^1.99.1"
      },
      "engines": {
        "vscode": "^1.0.0"
      }
    },
    "node_modules/@types/vscode": {
      "version": "1.99.1",
      "resolved": "https://registry.npmjs.org/@types/vscode/-/vscode-1.99.1.tgz",
      "integrity": "sha512-cQlqxHZ040ta6ovZXnXRxs3fJiTmlurkIWOfZVcLSZPcm9J4ikFpXuB7gihofGn5ng+kDVma5EmJIclfk0trPQ==",
      "dev": true,
      "license": "MIT"
    }
  }
}
